
Microsoft Visual Studio Solution File, Format Version 12.00
# Visual Studio Version 17
VisualStudioVersion = 17.9.34714.143
MinimumVisualStudioVersion = 10.0.40219.1
Project("{FAE04EC0-301F-11D3-BF4B-00C04F79EFBC}") = "LEDMoodlightning", "LEDMoodlightning.csproj", "{E9DFB4C4-85F5-46D9-A676-2362D92A1B6A}"
EndProject
Global
	GlobalSection(SolutionConfigurationPlatforms) = preSolution
		Debug|Any CPU = Debug|Any CPU
		Release|Any CPU = Release|Any CPU
	EndGlobalSection
	GlobalSection(ProjectConfigurationPlatforms) = postSolution
		{E9DFB4C4-85F5-46D9-A676-2362D92A1B6A}.Debug|Any CPU.ActiveCfg = Debug|Any CPU
		{E9DFB4C4-85F5-46D9-A676-2362D92A1B6A}.Debug|Any CPU.Build.0 = Debug|Any CPU
		{E9DFB4C4-85F5-46D9-A676-2362D92A1B6A}.Release|Any CPU.ActiveCfg = Release|Any CPU
		{E9DFB4C4-85F5-46D9-A676-2362D92A1B6A}.Release|Any CPU.Build.0 = Release|Any CPU
	EndGlobalSection
	GlobalSection(SolutionProperties) = preSolution
		HideSolutionNode = FALSE
	EndGlobalSection
	GlobalSection(ExtensibilityGlobals) = postSolution
		SolutionGuid = {310FD2BB-7F6F-478E-9AAE-73F1A1AC5FA2}
	EndGlobalSection
EndGlobal
